{
  "name": "moviola",
  "version": "0.0.1",
  "lockfileVersion": 1,
  "requires": true,
  "dependencies": {
    "typeface-roboto": {
      "version": "0.0.54",
      "resolved": "https://registry.npmjs.org/typeface-roboto/-/typeface-roboto-0.0.54.tgz",
      "integrity": "sha512-sOFA1FXgP0gOgBYlS6irwq6hHYA370KE3dPlgYEJHL3PJd5X8gQE0RmL79ONif6fL5JZuGDj+rtOrFeOqz5IZQ=="
    }
  }
}
